
Microsoft Visual Studio Solution File, Format Version 12.00
# Visual Studio 15
VisualStudioVersion = 15.0.27428.2037
MinimumVisualStudioVersion = 10.0.40219.1
Project("{FAE04EC0-301F-11D3-BF4B-00C04F79EFBC}") = "TS-Cliente", "TS-Cliente\TS-Cliente.csproj", "{7BEA0E4A-E4C7-45B1-8351-58A67A6512F5}"
EndProject
Project("{FAE04EC0-301F-11D3-BF4B-00C04F79EFBC}") = "TS-Servidor", "TS-Servidor\TS-Servidor.csproj", "{2573F83A-BEB0-4994-9A2C-2A063521FEBF}"
EndProject
Global
	GlobalSection(SolutionConfigurationPlatforms) = preSolution
		Debug|Any CPU = Debug|Any CPU
		Release|Any CPU = Release|Any CPU
	EndGlobalSection
	GlobalSection(ProjectConfigurationPlatforms) = postSolution
		{7BEA0E4A-E4C7-45B1-8351-58A67A6512F5}.Debug|Any CPU.ActiveCfg = Debug|Any CPU
		{7BEA0E4A-E4C7-45B1-8351-58A67A6512F5}.Debug|Any CPU.Build.0 = Debug|Any CPU
		{7BEA0E4A-E4C7-45B1-8351-58A67A6512F5}.Release|Any CPU.ActiveCfg = Release|Any CPU
		{7BEA0E4A-E4C7-45B1-8351-58A67A6512F5}.Release|Any CPU.Build.0 = Release|Any CPU
		{2573F83A-BEB0-4994-9A2C-2A063521FEBF}.Debug|Any CPU.ActiveCfg = Debug|Any CPU
		{2573F83A-BEB0-4994-9A2C-2A063521FEBF}.Debug|Any CPU.Build.0 = Debug|Any CPU
		{2573F83A-BEB0-4994-9A2C-2A063521FEBF}.Release|Any CPU.ActiveCfg = Release|Any CPU
		{2573F83A-BEB0-4994-9A2C-2A063521FEBF}.Release|Any CPU.Build.0 = Release|Any CPU
	EndGlobalSection
	GlobalSection(SolutionProperties) = preSolution
		HideSolutionNode = FALSE
	EndGlobalSection
	GlobalSection(ExtensibilityGlobals) = postSolution
		SolutionGuid = {F4D6EA16-F5AF-4755-9630-750B3F2494F4}
	EndGlobalSection
EndGlobal
